
Microsoft Visual Studio Solution File, Format Version 11.00
# Visual Basic Express 2010
Project("{F184B08F-C81C-45F6-A57F-5ABD9991F28F}") = "S_O_T", "Virtual diary\S_O_T.vbproj", "{3BDAC5E1-46DB-4C2B-9062-4DDBF8C9C40B}"
EndProject
Global
	GlobalSection(SolutionConfigurationPlatforms) = preSolution
		Debug|x86 = Debug|x86
		Release|x86 = Release|x86
	EndGlobalSection
	GlobalSection(ProjectConfigurationPlatforms) = postSolution
		{3BDAC5E1-46DB-4C2B-9062-4DDBF8C9C40B}.Debug|x86.ActiveCfg = Debug|x86
		{3BDAC5E1-46DB-4C2B-9062-4DDBF8C9C40B}.Debug|x86.Build.0 = Debug|x86
		{3BDAC5E1-46DB-4C2B-9062-4DDBF8C9C40B}.Release|x86.ActiveCfg = Release|x86
		{3BDAC5E1-46DB-4C2B-9062-4DDBF8C9C40B}.Release|x86.Build.0 = Release|x86
	EndGlobalSection
	GlobalSection(SolutionProperties) = preSolution
		HideSolutionNode = FALSE
	EndGlobalSection
EndGlobal
